
Microsoft Visual Studio Solution File, Format Version 12.00
# Visual Studio Version 17
VisualStudioVersion = 17.14.36414.22 d17.14
MinimumVisualStudioVersion = 10.0.40219.1
Project("{FAE04EC0-301F-11D3-BF4B-00C04F79EFBC}") = "OOPworkshop", "OOPworkshop.csproj", "{9F8E8FA3-AB23-4CC3-8653-F25D2C3AA3D3}"
EndProject
Global
	GlobalSection(SolutionConfigurationPlatforms) = preSolution
		Debug|Any CPU = Debug|Any CPU
		Release|Any CPU = Release|Any CPU
	EndGlobalSection
	GlobalSection(ProjectConfigurationPlatforms) = postSolution
		{9F8E8FA3-AB23-4CC3-8653-F25D2C3AA3D3}.Debug|Any CPU.ActiveCfg = Debug|Any CPU
		{9F8E8FA3-AB23-4CC3-8653-F25D2C3AA3D3}.Debug|Any CPU.Build.0 = Debug|Any CPU
		{9F8E8FA3-AB23-4CC3-8653-F25D2C3AA3D3}.Release|Any CPU.ActiveCfg = Release|Any CPU
		{9F8E8FA3-AB23-4CC3-8653-F25D2C3AA3D3}.Release|Any CPU.Build.0 = Release|Any CPU
	EndGlobalSection
	GlobalSection(SolutionProperties) = preSolution
		HideSolutionNode = FALSE
	EndGlobalSection
	GlobalSection(ExtensibilityGlobals) = postSolution
		SolutionGuid = {709C7FA2-5333-4C51-8A82-5B33ED2F9470}
	EndGlobalSection
EndGlobal
